// !$*UTF8*$!
{
	archiveVersion = 1;
	classes = {
	};
	objectVersion = 48;
	objects = {

/* Begin PBXBuildFile section */
		D21114221FF8D442004AD5A3 /* AppDelegate.swift in Sources */ = {isa = PBXBuildFile; fileRef = D21114211FF8D442004AD5A3 /* AppDelegate.swift */; };
		D21114241FF8D442004AD5A3 /* ViewController.swift in Sources */ = {isa = PBXBuildFile; fileRef = D21114231FF8D442004AD5A3 /* ViewController.swift */; };
		D21114271FF8D442004AD5A3 /* Main.storyboard in Resources */ = {isa = PBXBuildFile; fileRef = D21114251FF8D442004AD5A3 /* Main.storyboard */; };
		D21114291FF8D442004AD5A3 /* Assets.xcassets in Resources */ = {isa = PBXBuildFile; fileRef = D21114281FF8D442004AD5A3 /* Assets.xcassets */; };
		D211142C1FF8D442004AD5A3 /* LaunchScreen.storyboard in Resources */ = {isa = PBXBuildFile; fileRef = D211142A1FF8D442004AD5A3 /* LaunchScreen.storyboard */; };
		D21114371FF8D442004AD5A3 /* Tip_CalculatorTests.swift in Sources */ = {isa = PBXBuildFile; fileRef = D21114361FF8D442004AD5A3 /* Tip_CalculatorTests.swift */; };
		D21114421FF8D442004AD5A3 /* Tip_CalculatorUITests.swift in Sources */ = {isa = PBXBuildFile; fileRef = D21114411FF8D442004AD5A3 /* Tip_CalculatorUITests.swift */; };
		D21114501FF8F2F1004AD5A3 /* SettingsViewController.swift in Sources */ = {isa = PBXBuildFile; fileRef = D211144F1FF8F2F1004AD5A3 /* SettingsViewController.swift */; };
/* End PBXBuildFile section */

/* Begin PBXContainerItemProxy section */
		D21114331FF8D442004AD5A3 /* PBXContainerItemProxy */ = {
			isa = PBXContainerItemProxy;
			containerPortal = D21114161FF8D442004AD5A3 /* Project object */;
			proxyType = 1;
			remoteGlobalIDString = D211141D1FF8D442004AD5A3;
			remoteInfo = "Tip Calculator";
		};
		D211143E1FF8D442004AD5A3 /* PBXContainerItemProxy */ = {
			isa = PBXContainerItemProxy;
			containerPortal = D21114161FF8D442004AD5A3 /* Project object */;
			proxyType = 1;
			remoteGlobalIDString = D211141D1FF8D442004AD5A3;
			remoteInfo = "Tip Calculator";
		};
/* End PBXContainerItemProxy section */

/* Begin PBXFileReference section */
		D211141E1FF8D442004AD5A3 /* Tip Calculator.app */ = {isa = PBXFileReference; explicitFileType = wrapper.application; includeInIndex = 0; path = "Tip Calculator.app"; sourceTree = BUILT_PRODUCTS_DIR; };
		D21114211FF8D442004AD5A3 /* AppDelegate.swift */ = {isa = PBXFileReference; lastKnownFileType = sourcecode.swift; path = AppDelegate.swift; sourceTree = "<group>"; };
		D21114231FF8D442004AD5A3 /* ViewController.swift */ = {isa = PBXFileReference; lastKnownFileType = sourcecode.swift; path = ViewController.swift; sourceTree = "<group>"; };
		D21114261FF8D442004AD5A3 /* Base */ = {isa = PBXFileReference; lastKnownFileType = file.storyboard; name = Base; path = Base.lproj/Main.storyboard; sourceTree = "<group>"; };
		D21114281FF8D442004AD5A3 /* Assets.xcassets */ = {isa = PBXFileReference; lastKnownFileType = folder.assetcatalog; path = Assets.xcassets; sourceTree = "<group>"; };
		D211142B1FF8D442004AD5A3 /* Base */ = {isa = PBXFileReference; lastKnownFileType = file.storyboard; name = Base; path = Base.lproj/LaunchScreen.storyboard; sourceTree = "<group>"; };
		D211142D1FF8D442004AD5A3 /* Info.plist */ = {isa = PBXFileReference; lastKnownFileType = text.plist.xml; path = Info.plist; sourceTree = "<group>"; };
		D21114321FF8D442004AD5A3 /* Tip CalculatorTests.xctest */ = {isa = PBXFileReference; explicitFileType = wrapper.cfbundle; includeInIndex = 0; path = "Tip CalculatorTests.xctest"; sourceTree = BUILT_PRODUCTS_DIR; };
		D21114361FF8D442004AD5A3 /* Tip_CalculatorTests.swift */ = {isa = PBXFileReference; lastKnownFileType = sourcecode.swift; path = Tip_CalculatorTests.swift; sourceTree = "<group>"; };
		D21114381FF8D442004AD5A3 /* Info.plist */ = {isa = PBXFileReference; lastKnownFileType = text.plist.xml; path = Info.plist; sourceTree = "<group>"; };
		D211143D1FF8D442004AD5A3 /* Tip CalculatorUITests.xctest */ = {isa = PBXFileReference; explicitFileType = wrapper.cfbundle; includeInIndex = 0; path = "Tip CalculatorUITests.xctest"; sourceTree = BUILT_PRODUCTS_DIR; };
		D21114411FF8D442004AD5A3 /* Tip_CalculatorUITests.swift */ = {isa = PBXFileReference; lastKnownFileType = sourcecode.swift; path = Tip_CalculatorUITests.swift; sourceTree = "<group>"; };
		D21114431FF8D442004AD5A3 /* Info.plist */ = {isa = PBXFileReference; lastKnownFileType = text.plist.xml; path = Info.plist; sourceTree = "<group>"; };
		D211144F1FF8F2F1004AD5A3 /* SettingsViewController.swift */ = {isa = PBXFileReference; lastKnownFileType = sourcecode.swift; path = SettingsViewController.swift; sourceTree = "<group>"; };
/* End PBXFileReference section */

/* Begin PBXFrameworksBuildPhase section */
		D211141B1FF8D442004AD5A3 /* Frameworks */ = {
			isa = PBXFrameworksBuildPhase;
			buildActionMask = 2147483647;
			files = (
			);
			runOnlyForDeploymentPostprocessing = 0;
		};
		D211142F1FF8D442004AD5A3 /* Frameworks */ = {
			isa = PBXFrameworksBuildPhase;
			buildActionMask = 2147483647;
			files = (
			);
			runOnlyForDeploymentPostprocessing = 0;
		};
		D211143A1FF8D442004AD5A3 /* Frameworks */ = {
			isa = PBXFrameworksBuildPhase;
			buildActionMask = 2147483647;
			files = (
			);
			runOnlyForDeploymentPostprocessing = 0;
		};
/* End PBXFrameworksBuildPhase section */

/* Begin PBXGroup section */
		D21114151FF8D442004AD5A3 = {
			isa = PBXGroup;
			children = (
				D21114201FF8D442004AD5A3 /* Tip Calculator */,
				D21114351FF8D442004AD5A3 /* Tip CalculatorTests */,
				D21114401FF8D442004AD5A3 /* Tip CalculatorUITests */,
				D211141F1FF8D442004AD5A3 /* Products */,
			);
			sourceTree = "<group>";
		};
		D211141F1FF8D442004AD5A3 /* Products */ = {
			isa = PBXGroup;
			children = (
				D211141E1FF8D442004AD5A3 /* Tip Calculator.app */,
				D21114321FF8D442004AD5A3 /* Tip CalculatorTests.xctest */,
				D211143D1FF8D442004AD5A3 /* Tip CalculatorUITests.xctest */,
			);
			name = Products;
			sourceTree = "<group>";
		};
		D21114201FF8D442004AD5A3 /* Tip Calculator */ = {
			isa = PBXGroup;
			children = (
				D21114211FF8D442004AD5A3 /* AppDelegate.swift */,
				D21114231FF8D442004AD5A3 /* ViewController.swift */,
				D21114251FF8D442004AD5A3 /* Main.storyboard */,
				D21114281FF8D442004AD5A3 /* Assets.xcassets */,
				D211142A1FF8D442004AD5A3 /* LaunchScreen.storyboard */,
				D211142D1FF8D442004AD5A3 /* Info.plist */,
				D211144F1FF8F2F1004AD5A3 /* SettingsViewController.swift */,
			);
			path = "Tip Calculator";
			sourceTree = "<group>";
		};
		D21114351FF8D442004AD5A3 /* Tip CalculatorTests */ = {
			isa = PBXGroup;
			children = (
				D21114361FF8D442004AD5A3 /* Tip_CalculatorTests.swift */,
				D21114381FF8D442004AD5A3 /* Info.plist */,
			);
			path = "Tip CalculatorTests";
			sourceTree = "<group>";
		};
		D21114401FF8D442004AD5A3 /* Tip CalculatorUITests */ = {
			isa = PBXGroup;
			children = (
				D21114411FF8D442004AD5A3 /* Tip_CalculatorUITests.swift */,
				D21114431FF8D442004AD5A3 /* Info.plist */,
			);
			path = "Tip CalculatorUITests";
			sourceTree = "<group>";
		};
/* End PBXGroup section */

/* Begin PBXNativeTarget section */
		D211141D1FF8D442004AD5A3 /* Tip Calculator */ = {
			isa = PBXNativeTarget;
			buildConfigurationList = D21114461FF8D442004AD5A3 /* Build configuration list for PBXNativeTarget "Tip Calculator" */;
			buildPhases = (
				D211141A1FF8D442004AD5A3 /* Sources */,
				D211141B1FF8D442004AD5A3 /* Frameworks */,
				D211141C1FF8D442004AD5A3 /* Resources */,
			);
			buildRules = (
			);
			dependencies = (
			);
			name = "Tip Calculator";
			productName = "Tip Calculator";
			productReference = D211141E1FF8D442004AD5A3 /* Tip Calculator.app */;
			productType = "com.apple.product-type.application";
		};
		D21114311FF8D442004AD5A3 /* Tip CalculatorTests */ = {
			isa = PBXNativeTarget;
			buildConfigurationList = D21114491FF8D442004AD5A3 /* Build configuration list for PBXNativeTarget "Tip CalculatorTests" */;
			buildPhases = (
				D211142E1FF8D442004AD5A3 /* Sources */,
				D211142F1FF8D442004AD5A3 /* Frameworks */,
				D21114301FF8D442004AD5A3 /* Resources */,
			);
			buildRules = (
			);
			dependencies = (
				D21114341FF8D442004AD5A3 /* PBXTargetDependency */,
			);
			name = "Tip CalculatorTests";
			productName = "Tip CalculatorTests";
			productReference = D21114321FF8D442004AD5A3 /* Tip CalculatorTests.xctest */;
			productType = "com.apple.product-type.bundle.unit-test";
		};
		D211143C1FF8D442004AD5A3 /* Tip CalculatorUITests */ = {
			isa = PBXNativeTarget;
			buildConfigurationList = D211144C1FF8D442004AD5A3 /* Build configuration list for PBXNativeTarget "Tip CalculatorUITests" */;
			buildPhases = (
				D21114391FF8D442004AD5A3 /* Sources */,
				D211143A1FF8D442004AD5A3 /* Frameworks */,
				D211143B1FF8D442004AD5A3 /* Resources */,
			);
			buildRules = (
			);
			dependencies = (
				D211143F1FF8D442004AD5A3 /* PBXTargetDependency */,
			);
			name = "Tip CalculatorUITests";
			productName = "Tip CalculatorUITests";
			productReference = D211143D1FF8D442004AD5A3 /* Tip CalculatorUITests.xctest */;
			productType = "com.apple.product-type.bundle.ui-testing";
		};
/* End PBXNativeTarget section */

/* Begin PBXProject section */
		D21114161FF8D442004AD5A3 /* Project object */ = {
			isa = PBXProject;
			attributes = {
				LastSwiftUpdateCheck = 0920;
				LastUpgradeCheck = 0920;
				ORGANIZATIONNAME = "Emily Heejung Son";
				TargetAttributes = {
					D211141D1FF8D442004AD5A3 = {
						CreatedOnToolsVersion = 9.2;
						ProvisioningStyle = Automatic;
					};
					D21114311FF8D442004AD5A3 = {
						CreatedOnToolsVersion = 9.2;
						ProvisioningStyle = Automatic;
						TestTargetID = D211141D1FF8D442004AD5A3;
					};
					D211143C1FF8D442004AD5A3 = {
						CreatedOnToolsVersion = 9.2;
						ProvisioningStyle = Automatic;
						TestTargetID = D211141D1FF8D442004AD5A3;
					};
				};
			};
			buildConfigurationList = D21114191FF8D442004AD5A3 /* Build configuration list for PBXProject "Tip Calculator" */;
			compatibilityVersion = "Xcode 8.0";
			developmentRegion = en;
			hasScannedForEncodings = 0;
			knownRegions = (
				en,
				Base,
			);
			mainGroup = D21114151FF8D442004AD5A3;
			productRefGroup = D211141F1FF8D442004AD5A3 /* Products */;
			projectDirPath = "";
			projectRoot = "";
			targets = (
				D211141D1FF8D442004AD5A3 /* Tip Calculator */,
				D21114311FF8D442004AD5A3 /* Tip CalculatorTests */,
				D211143C1FF8D442004AD5A3 /* Tip CalculatorUITests */,
			);
		};
/* End PBXProject section */

/* Begin PBXResourcesBuildPhase section */
		D211141C1FF8D442004AD5A3 /* Resources */ = {
			isa = PBXResourcesBuildPhase;
			buildActionMask = 2147483647;
			files = (
				D211142C1FF8D442004AD5A3 /* LaunchScreen.storyboard in Resources */,
				D21114291FF8D442004AD5A3 /* Assets.xcassets in Resources */,
				D21114271FF8D442004AD5A3 /* Main.storyboard in Resources */,
			);
			runOnlyForDeploymentPostprocessing = 0;
		};
		D21114301FF8D442004AD5A3 /* Resources */ = {
			isa = PBXResourcesBuildPhase;
			buildActionMask = 2147483647;
			files = (
			);
			runOnlyForDeploymentPostprocessing = 0;
		};
		D211143B1FF8D442004AD5A3 /* Resources */ = {
			isa = PBXResourcesBuildPhase;
			buildActionMask = 2147483647;
			files = (
			);
			runOnlyForDeploymentPostprocessing = 0;
		};
/* End PBXResourcesBuildPhase section */

/* Begin PBXSourcesBuildPhase section */
		D211141A1FF8D442004AD5A3 /* Sources */ = {
			isa = PBXSourcesBuildPhase;
			buildActionMask = 2147483647;
			files = (
				D21114241FF8D442004AD5A3 /* ViewController.swift in Sources */,
				D21114221FF8D442004AD5A3 /* AppDelegate.swift in Sources */,
				D21114501FF8F2F1004AD5A3 /* SettingsViewController.swift in Sources */,
			);
			runOnlyForDeploymentPostprocessing = 0;
		};
		D211142E1FF8D442004AD5A3 /* Sources */ = {
			isa = PBXSourcesBuildPhase;
			buildActionMask = 2147483647;
			files = (
				D21114371FF8D442004AD5A3 /* Tip_CalculatorTests.swift in Sources */,
			);
			runOnlyForDeploymentPostprocessing = 0;
		};
		D21114391FF8D442004AD5A3 /* Sources */ = {
			isa = PBXSourcesBuildPhase;
			buildActionMask = 2147483647;
			files = (
				D21114421FF8D442004AD5A3 /* Tip_CalculatorUITests.swift in Sources */,
			);
			runOnlyForDeploymentPostprocessing = 0;
		};
/* End PBXSourcesBuildPhase section */

/* Begin PBXTargetDependency section */
		D21114341FF8D442004AD5A3 /* PBXTargetDependency */ = {
			isa = PBXTargetDependency;
			target = D211141D1FF8D442004AD5A3 /* Tip Calculator */;
			targetProxy = D21114331FF8D442004AD5A3 /* PBXContainerItemProxy */;
		};
		D211143F1FF8D442004AD5A3 /* PBXTargetDependency */ = {
			isa = PBXTargetDependency;
			target = D211141D1FF8D442004AD5A3 /* Tip Calculator */;
			targetProxy = D211143E1FF8D442004AD5A3 /* PBXContainerItemProxy */;
		};
/* End PBXTargetDependency section */

/* Begin PBXVariantGroup section */
		D21114251FF8D442004AD5A3 /* Main.storyboard */ = {
			isa = PBXVariantGroup;
			children = (
				D21114261FF8D442004AD5A3 /* Base */,
			);
			name = Main.storyboard;
			sourceTree = "<group>";
		};
		D211142A1FF8D442004AD5A3 /* LaunchScreen.storyboard */ = {
			isa = PBXVariantGroup;
			children = (
				D211142B1FF8D442004AD5A3 /* Base */,
			);
			name = LaunchScreen.storyboard;
			sourceTree = "<group>";
		};
/* End PBXVariantGroup section */

/* Begin XCBuildConfiguration section */
		D21114441FF8D442004AD5A3 /* Debug */ = {
			isa = XCBuildConfiguration;
			buildSettings = {
				ALWAYS_SEARCH_USER_PATHS = NO;
				CLANG_ANALYZER_NONNULL = YES;
				CLANG_ANALYZER_NUMBER_OBJECT_CONVERSION = YES_AGGRESSIVE;
				CLANG_CXX_LANGUAGE_STANDARD = "gnu++14";
				CLANG_CXX_LIBRARY = "libc++";
				CLANG_ENABLE_MODULES = YES;
				CLANG_ENABLE_OBJC_ARC = YES;
				CLANG_WARN_BLOCK_CAPTURE_AUTORELEASING = YES;
				CLANG_WARN_BOOL_CONVERSION = YES;
				CLANG_WARN_COMMA = YES;
				CLANG_WARN_CONSTANT_CONVERSION = YES;
				CLANG_WARN_DIRECT_OBJC_ISA_USAGE = YES_ERROR;
				CLANG_WARN_DOCUMENTATION_COMMENTS = YES;
				CLANG_WARN_EMPTY_BODY = YES;
				CLANG_WARN_ENUM_CONVERSION = YES;
				CLANG_WARN_INFINITE_RECURSION = YES;
				CLANG_WARN_INT_CONVERSION = YES;
				CLANG_WARN_NON_LITERAL_NULL_CONVERSION = YES;
				CLANG_WARN_OBJC_LITERAL_CONVERSION = YES;
				CLANG_WARN_OBJC_ROOT_CLASS = YES_ERROR;
				CLANG_WARN_RANGE_LOOP_ANALYSIS = YES;
				CLANG_WARN_STRICT_PROTOTYPES = YES;
				CLANG_WARN_SUSPICIOUS_MOVE = YES;
				CLANG_WARN_UNGUARDED_AVAILABILITY = YES_AGGRESSIVE;
				CLANG_WARN_UNREACHABLE_CODE = YES;
				CLANG_WARN__DUPLICATE_METHOD_MATCH = YES;
				CODE_SIGN_IDENTITY = "iPhone Developer";
				COPY_PHASE_STRIP = NO;
				DEBUG_INFORMATION_FORMAT = dwarf;
				ENABLE_STRICT_OBJC_MSGSEND = YES;
				ENABLE_TESTABILITY = YES;
				GCC_C_LANGUAGE_STANDARD = gnu11;
				GCC_DYNAMIC_NO_PIC = NO;
				GCC_NO_COMMON_BLOCKS = YES;
				GCC_OPTIMIZATION_LEVEL = 0;
				GCC_PREPROCESSOR_DEFINITIONS = (
					"DEBUG=1",
					"$(inherited)",
				);
				GCC_WARN_64_TO_32_BIT_CONVERSION = YES;
				GCC_WARN_ABOUT_RETURN_TYPE = YES_ERROR;
				GCC_WARN_UNDECLARED_SELECTOR = YES;
				GCC_WARN_UNINITIALIZED_AUTOS = YES_AGGRESSIVE;
				GCC_WARN_UNUSED_FUNCTION = YES;
				GCC_WARN_UNUSED_VARIABLE = YES;
				IPHONEOS_DEPLOYMENT_TARGET = 11.2;
				MTL_ENABLE_DEBUG_INFO = YES;
				ONLY_ACTIVE_ARCH = YES;
				SDKROOT = iphoneos;
				SWIFT_ACTIVE_COMPILATION_CONDITIONS = DEBUG;
				SWIFT_OPTIMIZATION_LEVEL = "-Onone";
			};
			name = Debug;
		};
		D21114451FF8D442004AD5A3 /* Release */ = {
			isa = XCBuildConfiguration;
			buildSettings = {
				ALWAYS_SEARCH_USER_PATHS = NO;
				CLANG_ANALYZER_NONNULL = YES;
				CLANG_ANALYZER_NUMBER_OBJECT_CONVERSION = YES_AGGRESSIVE;
				CLANG_CXX_LANGUAGE_STANDARD = "gnu++14";
				CLANG_CXX_LIBRARY = "libc++";
				CLANG_ENABLE_MODULES = YES;
				CLANG_ENABLE_OBJC_ARC = YES;
				CLANG_WARN_BLOCK_CAPTURE_AUTORELEASING = YES;
				CLANG_WARN_BOOL_CONVERSION = YES;
				CLANG_WARN_COMMA = YES;
				CLANG_WARN_CONSTANT_CONVERSION = YES;
				CLANG_WARN_DIRECT_OBJC_ISA_USAGE = YES_ERROR;
				CLANG_WARN_DOCUMENTATION_COMMENTS = YES;
				CLANG_WARN_EMPTY_BODY = YES;
				CLANG_WARN_ENUM_CONVERSION = YES;
				CLANG_WARN_INFINITE_RECURSION = YES;
				CLANG_WARN_INT_CONVERSION = YES;
				CLANG_WARN_NON_LITERAL_NULL_CONVERSION = YES;
				CLANG_WARN_OBJC_LITERAL_CONVERSION = YES;
				CLANG_WARN_OBJC_ROOT_CLASS = YES_ERROR;
				CLANG_WARN_RANGE_LOOP_ANALYSIS = YES;
				CLANG_WARN_STRICT_PROTOTYPES = YES;
				CLANG_WARN_SUSPICIOUS_MOVE = YES;
				CLANG_WARN_UNGUARDED_AVAILABILITY = YES_AGGRESSIVE;
				CLANG_WARN_UNREACHABLE_CODE = YES;
				CLANG_WARN__DUPLICATE_METHOD_MATCH = YES;
				CODE_SIGN_IDENTITY = "iPhone Developer";
				COPY_PHASE_STRIP = NO;
				DEBUG_INFORMATION_FORMAT = "dwarf-with-dsym";
				ENABLE_NS_ASSERTIONS = NO;
				ENABLE_STRICT_OBJC_MSGSEND = YES;
				GCC_C_LANGUAGE_STANDARD = gnu11;
				GCC_NO_COMMON_BLOCKS = YES;
				GCC_WARN_64_TO_32_BIT_CONVERSION = YES;
				GCC_WARN_ABOUT_RETURN_TYPE = YES_ERROR;
				GCC_WARN_UNDECLARED_SELECTOR = YES;
				GCC_WARN_UNINITIALIZED_AUTOS = YES_AGGRESSIVE;
				GCC_WARN_UNUSED_FUNCTION = YES;
				GCC_WARN_UNUSED_VARIABLE = YES;
				IPHONEOS_DEPLOYMENT_TARGET = 11.2;
				MTL_ENABLE_DEBUG_INFO = NO;
				SDKROOT = iphoneos;
				SWIFT_OPTIMIZATION_LEVEL = "-Owholemodule";
				VALIDATE_PRODUCT = YES;
			};
			name = Release;
		};
		D21114471FF8D442004AD5A3 /* Debug */ = {
			isa = XCBuildConfiguration;
			buildSettings = {
				ASSETCATALOG_COMPILER_APPICON_NAME = AppIcon;
				CODE_SIGN_STYLE = Automatic;
				INFOPLIST_FILE = "Tip Calculator/Info.plist";
				LD_RUNPATH_SEARCH_PATHS = "$(inherited) @executable_path/Frameworks";
				PRODUCT_BUNDLE_IDENTIFIER = "emily.Tip-Calculator";
				PRODUCT_NAME = "$(TARGET_NAME)";
				SWIFT_VERSION = 4.0;
				TARGETED_DEVICE_FAMILY = "1,2";
			};
			name = Debug;
		};
		D21114481FF8D442004AD5A3 /* Release */ = {
			isa = XCBuildConfiguration;
			buildSettings = {
				ASSETCATALOG_COMPILER_APPICON_NAME = AppIcon;
				CODE_SIGN_STYLE = Automatic;
				INFOPLIST_FILE = "Tip Calculator/Info.plist";
				LD_RUNPATH_SEARCH_PATHS = "$(inherited) @executable_path/Frameworks";
				PRODUCT_BUNDLE_IDENTIFIER = "emily.Tip-Calculator";
				PRODUCT_NAME = "$(TARGET_NAME)";
				SWIFT_VERSION = 4.0;
				TARGETED_DEVICE_FAMILY = "1,2";
			};
			name = Release;
		};
		D211144A1FF8D442004AD5A3 /* Debug */ = {
			isa = XCBuildConfiguration;
			buildSettings = {
				ALWAYS_EMBED_SWIFT_STANDARD_LIBRARIES = YES;
				BUNDLE_LOADER = "$(TEST_HOST)";
				CODE_SIGN_STYLE = Automatic;
				INFOPLIST_FILE = "Tip CalculatorTests/Info.plist";
				LD_RUNPATH_SEARCH_PATHS = "$(inherited) @executable_path/Frameworks @loader_path/Frameworks";
				PRODUCT_BUNDLE_IDENTIFIER = "emily.Tip-CalculatorTests";
				PRODUCT_NAME = "$(TARGET_NAME)";
				SWIFT_VERSION = 4.0;
				TARGETED_DEVICE_FAMILY = "1,2";
				TEST_HOST = "$(BUILT_PRODUCTS_DIR)/Tip Calculator.app/Tip Calculator";
			};
			name = Debug;
		};
		D211144B1FF8D442004AD5A3 /* Release */ = {
			isa = XCBuildConfiguration;
			buildSettings = {
				ALWAYS_EMBED_SWIFT_STANDARD_LIBRARIES = YES;
				BUNDLE_LOADER = "$(TEST_HOST)";
				CODE_SIGN_STYLE = Automatic;
				INFOPLIST_FILE = "Tip CalculatorTests/Info.plist";
				LD_RUNPATH_SEARCH_PATHS = "$(inherited) @executable_path/Frameworks @loader_path/Frameworks";
				PRODUCT_BUNDLE_IDENTIFIER = "emily.Tip-CalculatorTests";
				PRODUCT_NAME = "$(TARGET_NAME)";
				SWIFT_VERSION = 4.0;
				TARGETED_DEVICE_FAMILY = "1,2";
				TEST_HOST = "$(BUILT_PRODUCTS_DIR)/Tip Calculator.app/Tip Calculator";
			};
			name = Release;
		};
		D211144D1FF8D442004AD5A3 /* Debug */ = {
			isa = XCBuildConfiguration;
			buildSettings = {
				ALWAYS_EMBED_SWIFT_STANDARD_LIBRARIES = YES;
				CODE_SIGN_STYLE = Automatic;
				INFOPLIST_FILE = "Tip CalculatorUITests/Info.plist";
				LD_RUNPATH_SEARCH_PATHS = "$(inherited) @executable_path/Frameworks @loader_path/Frameworks";
				PRODUCT_BUNDLE_IDENTIFIER = "emily.Tip-CalculatorUITests";
				PRODUCT_NAME = "$(TARGET_NAME)";
				SWIFT_VERSION = 4.0;
				TARGETED_DEVICE_FAMILY = "1,2";
				TEST_TARGET_NAME = "Tip Calculator";
			};
			name = Debug;
		};
		D211144E1FF8D442004AD5A3 /* Release */ = {
			isa = XCBuildConfiguration;
			buildSettings = {
				ALWAYS_EMBED_SWIFT_STANDARD_LIBRARIES = YES;
				CODE_SIGN_STYLE = Automatic;
				INFOPLIST_FILE = "Tip CalculatorUITests/Info.plist";
				LD_RUNPATH_SEARCH_PATHS = "$(inherited) @executable_path/Frameworks @loader_path/Frameworks";
				PRODUCT_BUNDLE_IDENTIFIER = "emily.Tip-CalculatorUITests";
				PRODUCT_NAME = "$(TARGET_NAME)";
				SWIFT_VERSION = 4.0;
				TARGETED_DEVICE_FAMILY = "1,2";
				TEST_TARGET_NAME = "Tip Calculator";
			};
			name = Release;
		};
/* End XCBuildConfiguration section */

/* Begin XCConfigurationList section */
		D21114191FF8D442004AD5A3 /* Build configuration list for PBXProject "Tip Calculator" */ = {
			isa = XCConfigurationList;
			buildConfigurations = (
				D21114441FF8D442004AD5A3 /* Debug */,
				D21114451FF8D442004AD5A3 /* Release */,
			);
			defaultConfigurationIsVisible = 0;
			defaultConfigurationName = Release;
		};
		D21114461FF8D442004AD5A3 /* Build configuration list for PBXNativeTarget "Tip Calculator" */ = {
			isa = XCConfigurationList;
			buildConfigurations = (
				D21114471FF8D442004AD5A3 /* Debug */,
				D21114481FF8D442004AD5A3 /* Release */,
			);
			defaultConfigurationIsVisible = 0;
			defaultConfigurationName = Release;
		};
		D21114491FF8D442004AD5A3 /* Build configuration list for PBXNativeTarget "Tip CalculatorTests" */ = {
			isa = XCConfigurationList;
			buildConfigurations = (
				D211144A1FF8D442004AD5A3 /* Debug */,
				D211144B1FF8D442004AD5A3 /* Release */,
			);
			defaultConfigurationIsVisible = 0;
			defaultConfigurationName = Release;
		};
		D211144C1FF8D442004AD5A3 /* Build configuration list for PBXNativeTarget "Tip CalculatorUITests" */ = {
			isa = XCConfigurationList;
			buildConfigurations = (
				D211144D1FF8D442004AD5A3 /* Debug */,
				D211144E1FF8D442004AD5A3 /* Release */,
			);
			defaultConfigurationIsVisible = 0;
			defaultConfigurationName = Release;
		};
/* End XCConfigurationList section */
	};
	rootObject = D21114161FF8D442004AD5A3 /* Project object */;
}
